
Microsoft Visual Studio Solution File, Format Version 12.00
# Visual Studio Version 17
VisualStudioVersion = 17.0.32112.339
MinimumVisualStudioVersion = 10.0.40219.1
Project("{8BC9CEB8-8B4A-11D0-8D11-00A0C91BC942}") = "Experiment1", "Experiment1.vcxproj", "{FB56248B-1B24-4224-A659-1E26EC000D67}"
EndProject
Global
	GlobalSection(SolutionConfigurationPlatforms) = preSolution
		Debug|x64 = Debug|x64
		Debug|x86 = Debug|x86
		Release|x64 = Release|x64
		Release|x86 = Release|x86
	EndGlobalSection
	GlobalSection(ProjectConfigurationPlatforms) = postSolution
		{FB56248B-1B24-4224-A659-1E26EC000D67}.Debug|x64.ActiveCfg = Debug|x64
		{FB56248B-1B24-4224-A659-1E26EC000D67}.Debug|x64.Build.0 = Debug|x64
		{FB56248B-1B24-4224-A659-1E26EC000D67}.Debug|x86.ActiveCfg = Debug|Win32
		{FB56248B-1B24-4224-A659-1E26EC000D67}.Debug|x86.Build.0 = Debug|Win32
		{FB56248B-1B24-4224-A659-1E26EC000D67}.Release|x64.ActiveCfg = Release|x64
		{FB56248B-1B24-4224-A659-1E26EC000D67}.Release|x64.Build.0 = Release|x64
		{FB56248B-1B24-4224-A659-1E26EC000D67}.Release|x86.ActiveCfg = Release|Win32
		{FB56248B-1B24-4224-A659-1E26EC000D67}.Release|x86.Build.0 = Release|Win32
	EndGlobalSection
	GlobalSection(SolutionProperties) = preSolution
		HideSolutionNode = FALSE
	EndGlobalSection
	GlobalSection(ExtensibilityGlobals) = postSolution
		SolutionGuid = {3CD2C962-4C27-4042-9828-B4682D5F33C2}
	EndGlobalSection
EndGlobal
