
Microsoft Visual Studio Solution File, Format Version 12.00
# Visual Studio Version 17
VisualStudioVersion = 17.0.32112.339
MinimumVisualStudioVersion = 10.0.40219.1
Project("{8BC9CEB8-8B4A-11D0-8D11-00A0C91BC942}") = "PA7", "PA7.vcxproj", "{27449CAC-9C34-479E-A6B8-C8922A835A7A}"
EndProject
Global
	GlobalSection(SolutionConfigurationPlatforms) = preSolution
		Debug|x64 = Debug|x64
		Debug|x86 = Debug|x86
		Release|x64 = Release|x64
		Release|x86 = Release|x86
	EndGlobalSection
	GlobalSection(ProjectConfigurationPlatforms) = postSolution
		{27449CAC-9C34-479E-A6B8-C8922A835A7A}.Debug|x64.ActiveCfg = Debug|x64
		{27449CAC-9C34-479E-A6B8-C8922A835A7A}.Debug|x64.Build.0 = Debug|x64
		{27449CAC-9C34-479E-A6B8-C8922A835A7A}.Debug|x86.ActiveCfg = Debug|Win32
		{27449CAC-9C34-479E-A6B8-C8922A835A7A}.Debug|x86.Build.0 = Debug|Win32
		{27449CAC-9C34-479E-A6B8-C8922A835A7A}.Release|x64.ActiveCfg = Release|x64
		{27449CAC-9C34-479E-A6B8-C8922A835A7A}.Release|x64.Build.0 = Release|x64
		{27449CAC-9C34-479E-A6B8-C8922A835A7A}.Release|x86.ActiveCfg = Release|Win32
		{27449CAC-9C34-479E-A6B8-C8922A835A7A}.Release|x86.Build.0 = Release|Win32
	EndGlobalSection
	GlobalSection(SolutionProperties) = preSolution
		HideSolutionNode = FALSE
	EndGlobalSection
	GlobalSection(ExtensibilityGlobals) = postSolution
		SolutionGuid = {292E7CFB-E825-4780-95C6-AA8E5AFAF3D9}
	EndGlobalSection
EndGlobal
