
Microsoft Visual Studio Solution File, Format Version 12.00
# Visual Studio Version 17
VisualStudioVersion = 17.0.32112.339
MinimumVisualStudioVersion = 10.0.40219.1
Project("{8BC9CEB8-8B4A-11D0-8D11-00A0C91BC942}") = "PA8", "PA8.vcxproj", "{61F680FE-6FFC-4683-9AD0-5B393BDBFA81}"
EndProject
Global
	GlobalSection(SolutionConfigurationPlatforms) = preSolution
		Debug|x64 = Debug|x64
		Debug|x86 = Debug|x86
		Release|x64 = Release|x64
		Release|x86 = Release|x86
	EndGlobalSection
	GlobalSection(ProjectConfigurationPlatforms) = postSolution
		{61F680FE-6FFC-4683-9AD0-5B393BDBFA81}.Debug|x64.ActiveCfg = Debug|x64
		{61F680FE-6FFC-4683-9AD0-5B393BDBFA81}.Debug|x64.Build.0 = Debug|x64
		{61F680FE-6FFC-4683-9AD0-5B393BDBFA81}.Debug|x86.ActiveCfg = Debug|Win32
		{61F680FE-6FFC-4683-9AD0-5B393BDBFA81}.Debug|x86.Build.0 = Debug|Win32
		{61F680FE-6FFC-4683-9AD0-5B393BDBFA81}.Release|x64.ActiveCfg = Release|x64
		{61F680FE-6FFC-4683-9AD0-5B393BDBFA81}.Release|x64.Build.0 = Release|x64
		{61F680FE-6FFC-4683-9AD0-5B393BDBFA81}.Release|x86.ActiveCfg = Release|Win32
		{61F680FE-6FFC-4683-9AD0-5B393BDBFA81}.Release|x86.Build.0 = Release|Win32
	EndGlobalSection
	GlobalSection(SolutionProperties) = preSolution
		HideSolutionNode = FALSE
	EndGlobalSection
	GlobalSection(ExtensibilityGlobals) = postSolution
		SolutionGuid = {0CEA295D-9631-4D24-80DB-6B83BC724C2A}
	EndGlobalSection
EndGlobal
